// !$*UTF8*$!
{
	archiveVersion = 1;
	classes = {
	};
	objectVersion = 46;
	objects = {

/* Begin PBXBuildFile section */
		248D10261DF775C800C4645F /* AppDelegate.swift in Sources */ = {isa = PBXBuildFile; fileRef = 248D10251DF775C800C4645F /* AppDelegate.swift */; };
		248D10281DF775C800C4645F /* ViewController.swift in Sources */ = {isa = PBXBuildFile; fileRef = 248D10271DF775C800C4645F /* ViewController.swift */; };
		248D102B1DF775C800C4645F /* Main.storyboard in Resources */ = {isa = PBXBuildFile; fileRef = 248D10291DF775C800C4645F /* Main.storyboard */; };
		248D102D1DF775C800C4645F /* Assets.xcassets in Resources */ = {isa = PBXBuildFile; fileRef = 248D102C1DF775C800C4645F /* Assets.xcassets */; };
		248D10301DF775C800C4645F /* LaunchScreen.storyboard in Resources */ = {isa = PBXBuildFile; fileRef = 248D102E1DF775C800C4645F /* LaunchScreen.storyboard */; };
/* End PBXBuildFile section */

/* Begin PBXFileReference section */
		248D10221DF775C800C4645F /* testWebdeFamily.app */ = {isa = PBXFileReference; explicitFileType = wrapper.application; includeInIndex = 0; path = testWebdeFamily.app; sourceTree = BUILT_PRODUCTS_DIR; };
		248D10251DF775C800C4645F /* AppDelegate.swift */ = {isa = PBXFileReference; lastKnownFileType = sourcecode.swift; path = AppDelegate.swift; sourceTree = "<group>"; };
		248D10271DF775C800C4645F /* ViewController.swift */ = {isa = PBXFileReference; lastKnownFileType = sourcecode.swift; path = ViewController.swift; sourceTree = "<group>"; };
		248D102A1DF775C800C4645F /* Base */ = {isa = PBXFileReference; lastKnownFileType = file.storyboard; name = Base; path = Base.lproj/Main.storyboard; sourceTree = "<group>"; };
		248D102C1DF775C800C4645F /* Assets.xcassets */ = {isa = PBXFileReference; lastKnownFileType = folder.assetcatalog; path = Assets.xcassets; sourceTree = "<group>"; };
		248D102F1DF775C800C4645F /* Base */ = {isa = PBXFileReference; lastKnownFileType = file.storyboard; name = Base; path = Base.lproj/LaunchScreen.storyboard; sourceTree = "<group>"; };
		248D10311DF775C800C4645F /* Info.plist */ = {isa = PBXFileReference; lastKnownFileType = text.plist.xml; path = Info.plist; sourceTree = "<group>"; };
/* End PBXFileReference section */

/* Begin PBXFrameworksBuildPhase section */
		248D101F1DF775C800C4645F /* Frameworks */ = {
			isa = PBXFrameworksBuildPhase;
			buildActionMask = 2147483647;
			files = (
			);
			runOnlyForDeploymentPostprocessing = 0;
		};
/* End PBXFrameworksBuildPhase section */

/* Begin PBXGroup section */
		248D10191DF775C800C4645F = {
			isa = PBXGroup;
			children = (
				248D10241DF775C800C4645F /* testWebdeFamily */,
				248D10231DF775C800C4645F /* Products */,
			);
			sourceTree = "<group>";
		};
		248D10231DF775C800C4645F /* Products */ = {
			isa = PBXGroup;
			children = (
				248D10221DF775C800C4645F /* testWebdeFamily.app */,
			);
			name = Products;
			sourceTree = "<group>";
		};
		248D10241DF775C800C4645F /* testWebdeFamily */ = {
			isa = PBXGroup;
			children = (
				248D10251DF775C800C4645F /* AppDelegate.swift */,
				248D10271DF775C800C4645F /* ViewController.swift */,
				248D10291DF775C800C4645F /* Main.storyboard */,
				248D102C1DF775C800C4645F /* Assets.xcassets */,
				248D102E1DF775C800C4645F /* LaunchScreen.storyboard */,
				248D10311DF775C800C4645F /* Info.plist */,
			);
			path = testWebdeFamily;
			sourceTree = "<group>";
		};
/* End PBXGroup section */

/* Begin PBXNativeTarget section */
		248D10211DF775C800C4645F /* testWebdeFamily */ = {
			isa = PBXNativeTarget;
			buildConfigurationList = 248D10341DF775C800C4645F /* Build configuration list for PBXNativeTarget "testWebdeFamily" */;
			buildPhases = (
				248D101E1DF775C800C4645F /* Sources */,
				248D101F1DF775C800C4645F /* Frameworks */,
				248D10201DF775C800C4645F /* Resources */,
			);
			buildRules = (
			);
			dependencies = (
			);
			name = testWebdeFamily;
			productName = testWebdeFamily;
			productReference = 248D10221DF775C800C4645F /* testWebdeFamily.app */;
			productType = "com.apple.product-type.application";
		};
/* End PBXNativeTarget section */

/* Begin PBXProject section */
		248D101A1DF775C800C4645F /* Project object */ = {
			isa = PBXProject;
			attributes = {
				LastSwiftUpdateCheck = 0810;
				LastUpgradeCheck = 0810;
				ORGANIZATIONNAME = "German Mendoza";
				TargetAttributes = {
					248D10211DF775C800C4645F = {
						CreatedOnToolsVersion = 8.1;
						DevelopmentTeam = 825463F4YK;
						ProvisioningStyle = Automatic;
					};
				};
			};
			buildConfigurationList = 248D101D1DF775C800C4645F /* Build configuration list for PBXProject "testWebdeFamily" */;
			compatibilityVersion = "Xcode 3.2";
			developmentRegion = English;
			hasScannedForEncodings = 0;
			knownRegions = (
				en,
				Base,
			);
			mainGroup = 248D10191DF775C800C4645F;
			productRefGroup = 248D10231DF775C800C4645F /* Products */;
			projectDirPath = "";
			projectRoot = "";
			targets = (
				248D10211DF775C800C4645F /* testWebdeFamily */,
			);
		};
/* End PBXProject section */

/* Begin PBXResourcesBuildPhase section */
		248D10201DF775C800C4645F /* Resources */ = {
			isa = PBXResourcesBuildPhase;
			buildActionMask = 2147483647;
			files = (
				248D10301DF775C800C4645F /* LaunchScreen.storyboard in Resources */,
				248D102D1DF775C800C4645F /* Assets.xcassets in Resources */,
				248D102B1DF775C800C4645F /* Main.storyboard in Resources */,
			);
			runOnlyForDeploymentPostprocessing = 0;
		};
/* End PBXResourcesBuildPhase section */

/* Begin PBXSourcesBuildPhase section */
		248D101E1DF775C800C4645F /* Sources */ = {
			isa = PBXSourcesBuildPhase;
			buildActionMask = 2147483647;
			files = (
				248D10281DF775C800C4645F /* ViewController.swift in Sources */,
				248D10261DF775C800C4645F /* AppDelegate.swift in Sources */,
			);
			runOnlyForDeploymentPostprocessing = 0;
		};
/* End PBXSourcesBuildPhase section */

/* Begin PBXVariantGroup section */
		248D10291DF775C800C4645F /* Main.storyboard */ = {
			isa = PBXVariantGroup;
			children = (
				248D102A1DF775C800C4645F /* Base */,
			);
			name = Main.storyboard;
			sourceTree = "<group>";
		};
		248D102E1DF775C800C4645F /* LaunchScreen.storyboard */ = {
			isa = PBXVariantGroup;
			children = (
				248D102F1DF775C800C4645F /* Base */,
			);
			name = LaunchScreen.storyboard;
			sourceTree = "<group>";
		};
/* End PBXVariantGroup section */

/* Begin XCBuildConfiguration section */
		248D10321DF775C800C4645F /* Debug */ = {
			isa = XCBuildConfiguration;
			buildSettings = {
				ALWAYS_SEARCH_USER_PATHS = NO;
				CLANG_ANALYZER_NONNULL = YES;
				CLANG_CXX_LANGUAGE_STANDARD = "gnu++0x";
				CLANG_CXX_LIBRARY = "libc++";
				CLANG_ENABLE_MODULES = YES;
				CLANG_ENABLE_OBJC_ARC = YES;
				CLANG_WARN_BOOL_CONVERSION = YES;
				CLANG_WARN_CONSTANT_CONVERSION = YES;
				CLANG_WARN_DIRECT_OBJC_ISA_USAGE = YES_ERROR;
				CLANG_WARN_DOCUMENTATION_COMMENTS = YES;
				CLANG_WARN_EMPTY_BODY = YES;
				CLANG_WARN_ENUM_CONVERSION = YES;
				CLANG_WARN_INFINITE_RECURSION = YES;
				CLANG_WARN_INT_CONVERSION = YES;
				CLANG_WARN_OBJC_ROOT_CLASS = YES_ERROR;
				CLANG_WARN_SUSPICIOUS_MOVES = YES;
				CLANG_WARN_UNREACHABLE_CODE = YES;
				CLANG_WARN__DUPLICATE_METHOD_MATCH = YES;
				"CODE_SIGN_IDENTITY[sdk=iphoneos*]" = "iPhone Developer";
				COPY_PHASE_STRIP = NO;
				DEBUG_INFORMATION_FORMAT = dwarf;
				ENABLE_STRICT_OBJC_MSGSEND = YES;
				ENABLE_TESTABILITY = YES;
				GCC_C_LANGUAGE_STANDARD = gnu99;
				GCC_DYNAMIC_NO_PIC = NO;
				GCC_NO_COMMON_BLOCKS = YES;
				GCC_OPTIMIZATION_LEVEL = 0;
				GCC_PREPROCESSOR_DEFINITIONS = (
					"DEBUG=1",
					"$(inherited)",
				);
				GCC_WARN_64_TO_32_BIT_CONVERSION = YES;
				GCC_WARN_ABOUT_RETURN_TYPE = YES_ERROR;
				GCC_WARN_UNDECLARED_SELECTOR = YES;
				GCC_WARN_UNINITIALIZED_AUTOS = YES_AGGRESSIVE;
				GCC_WARN_UNUSED_FUNCTION = YES;
				GCC_WARN_UNUSED_VARIABLE = YES;
				IPHONEOS_DEPLOYMENT_TARGET = 10.1;
				MTL_ENABLE_DEBUG_INFO = YES;
				ONLY_ACTIVE_ARCH = YES;
				SDKROOT = iphoneos;
				SWIFT_ACTIVE_COMPILATION_CONDITIONS = DEBUG;
				SWIFT_OPTIMIZATION_LEVEL = "-Onone";
			};
			name = Debug;
		};
		248D10331DF775C800C4645F /* Release */ = {
			isa = XCBuildConfiguration;
			buildSettings = {
				ALWAYS_SEARCH_USER_PATHS = NO;
				CLANG_ANALYZER_NONNULL = YES;
				CLANG_CXX_LANGUAGE_STANDARD = "gnu++0x";
				CLANG_CXX_LIBRARY = "libc++";
				CLANG_ENABLE_MODULES = YES;
				CLANG_ENABLE_OBJC_ARC = YES;
				CLANG_WARN_BOOL_CONVERSION = YES;
				CLANG_WARN_CONSTANT_CONVERSION = YES;
				CLANG_WARN_DIRECT_OBJC_ISA_USAGE = YES_ERROR;
				CLANG_WARN_DOCUMENTATION_COMMENTS = YES;
				CLANG_WARN_EMPTY_BODY = YES;
				CLANG_WARN_ENUM_CONVERSION = YES;
				CLANG_WARN_INFINITE_RECURSION = YES;
				CLANG_WARN_INT_CONVERSION = YES;
				CLANG_WARN_OBJC_ROOT_CLASS = YES_ERROR;
				CLANG_WARN_SUSPICIOUS_MOVES = YES;
				CLANG_WARN_UNREACHABLE_CODE = YES;
				CLANG_WARN__DUPLICATE_METHOD_MATCH = YES;
				"CODE_SIGN_IDENTITY[sdk=iphoneos*]" = "iPhone Developer";
				COPY_PHASE_STRIP = NO;
				DEBUG_INFORMATION_FORMAT = "dwarf-with-dsym";
				ENABLE_NS_ASSERTIONS = NO;
				ENABLE_STRICT_OBJC_MSGSEND = YES;
				GCC_C_LANGUAGE_STANDARD = gnu99;
				GCC_NO_COMMON_BLOCKS = YES;
				GCC_WARN_64_TO_32_BIT_CONVERSION = YES;
				GCC_WARN_ABOUT_RETURN_TYPE = YES_ERROR;
				GCC_WARN_UNDECLARED_SELECTOR = YES;
				GCC_WARN_UNINITIALIZED_AUTOS = YES_AGGRESSIVE;
				GCC_WARN_UNUSED_FUNCTION = YES;
				GCC_WARN_UNUSED_VARIABLE = YES;
				IPHONEOS_DEPLOYMENT_TARGET = 10.1;
				MTL_ENABLE_DEBUG_INFO = NO;
				SDKROOT = iphoneos;
				SWIFT_OPTIMIZATION_LEVEL = "-Owholemodule";
				VALIDATE_PRODUCT = YES;
			};
			name = Release;
		};
		248D10351DF775C800C4645F /* Debug */ = {
			isa = XCBuildConfiguration;
			buildSettings = {
				ASSETCATALOG_COMPILER_APPICON_NAME = AppIcon;
				DEVELOPMENT_TEAM = 825463F4YK;
				INFOPLIST_FILE = testWebdeFamily/Info.plist;
				LD_RUNPATH_SEARCH_PATHS = "$(inherited) @executable_path/Frameworks";
				PRODUCT_BUNDLE_IDENTIFIER = ger.testWebdeFamily;
				PRODUCT_NAME = "$(TARGET_NAME)";
				SWIFT_VERSION = 3.0;
			};
			name = Debug;
		};
		248D10361DF775C800C4645F /* Release */ = {
			isa = XCBuildConfiguration;
			buildSettings = {
				ASSETCATALOG_COMPILER_APPICON_NAME = AppIcon;
				DEVELOPMENT_TEAM = 825463F4YK;
				INFOPLIST_FILE = testWebdeFamily/Info.plist;
				LD_RUNPATH_SEARCH_PATHS = "$(inherited) @executable_path/Frameworks";
				PRODUCT_BUNDLE_IDENTIFIER = ger.testWebdeFamily;
				PRODUCT_NAME = "$(TARGET_NAME)";
				SWIFT_VERSION = 3.0;
			};
			name = Release;
		};
/* End XCBuildConfiguration section */

/* Begin XCConfigurationList section */
		248D101D1DF775C800C4645F /* Build configuration list for PBXProject "testWebdeFamily" */ = {
			isa = XCConfigurationList;
			buildConfigurations = (
				248D10321DF775C800C4645F /* Debug */,
				248D10331DF775C800C4645F /* Release */,
			);
			defaultConfigurationIsVisible = 0;
			defaultConfigurationName = Release;
		};
		248D10341DF775C800C4645F /* Build configuration list for PBXNativeTarget "testWebdeFamily" */ = {
			isa = XCConfigurationList;
			buildConfigurations = (
				248D10351DF775C800C4645F /* Debug */,
				248D10361DF775C800C4645F /* Release */,
			);
			defaultConfigurationIsVisible = 0;
		};
/* End XCConfigurationList section */
	};
	rootObject = 248D101A1DF775C800C4645F /* Project object */;
}
